
Microsoft Visual Studio Solution File, Format Version 12.00
# Visual Studio Version 16
VisualStudioVersion = 16.0.30413.136
MinimumVisualStudioVersion = 10.0.40219.1
Project("{FAE04EC0-301F-11D3-BF4B-00C04F79EFBC}") = "Flappy bird WPF", "Flappy bird WPF\Flappy bird WPF.csproj", "{3E4AF706-B1AE-4207-A127-DB1CFF165A23}"
EndProject
Global
	GlobalSection(SolutionConfigurationPlatforms) = preSolution
		Debug|Any CPU = Debug|Any CPU
		Release|Any CPU = Release|Any CPU
	EndGlobalSection
	GlobalSection(ProjectConfigurationPlatforms) = postSolution
		{3E4AF706-B1AE-4207-A127-DB1CFF165A23}.Debug|Any CPU.ActiveCfg = Debug|Any CPU
		{3E4AF706-B1AE-4207-A127-DB1CFF165A23}.Debug|Any CPU.Build.0 = Debug|Any CPU
		{3E4AF706-B1AE-4207-A127-DB1CFF165A23}.Release|Any CPU.ActiveCfg = Release|Any CPU
		{3E4AF706-B1AE-4207-A127-DB1CFF165A23}.Release|Any CPU.Build.0 = Release|Any CPU
	EndGlobalSection
	GlobalSection(SolutionProperties) = preSolution
		HideSolutionNode = FALSE
	EndGlobalSection
	GlobalSection(ExtensibilityGlobals) = postSolution
		SolutionGuid = {AE5366A7-3D8E-46B1-882A-47607CA9D953}
	EndGlobalSection
EndGlobal
